
Microsoft Visual Studio Solution File, Format Version 12.00
Project("{FAE04EC0-301F-11D3-BF4B-00C04F79EFBC}") = "GDPanelFramework.Core", "GDPanelFramework\GDPanelFramework.csproj", "{5893B9B7-6611-470A-88F8-2BA51AD7C2B7}"
EndProject
Project("{FAE04EC0-301F-11D3-BF4B-00C04F79EFBC}") = "GDPanelFramework.Tests", "GDPanelFramework.Tests\GDPanelFramework.Tests.csproj", "{5D108A38-EEB9-4509-860C-EBB32EA3F627}"
EndProject
Global
	GlobalSection(SolutionConfigurationPlatforms) = preSolution
		Debug|Any CPU = Debug|Any CPU
		Release|Any CPU = Release|Any CPU
	EndGlobalSection
	GlobalSection(ProjectConfigurationPlatforms) = postSolution
		{5893B9B7-6611-470A-88F8-2BA51AD7C2B7}.Debug|Any CPU.ActiveCfg = Debug|Any CPU
		{5893B9B7-6611-470A-88F8-2BA51AD7C2B7}.Debug|Any CPU.Build.0 = Debug|Any CPU
		{5893B9B7-6611-470A-88F8-2BA51AD7C2B7}.Release|Any CPU.ActiveCfg = Release|Any CPU
		{5893B9B7-6611-470A-88F8-2BA51AD7C2B7}.Release|Any CPU.Build.0 = Release|Any CPU
		{5D108A38-EEB9-4509-860C-EBB32EA3F627}.Debug|Any CPU.ActiveCfg = Debug|Any CPU
		{5D108A38-EEB9-4509-860C-EBB32EA3F627}.Debug|Any CPU.Build.0 = Debug|Any CPU
		{5D108A38-EEB9-4509-860C-EBB32EA3F627}.Release|Any CPU.ActiveCfg = Debug|Any CPU
		{5D108A38-EEB9-4509-860C-EBB32EA3F627}.Release|Any CPU.Build.0 = Debug|Any CPU
	EndGlobalSection
EndGlobal
