
Microsoft Visual Studio Solution File, Format Version 12.00
Project("{FAE04EC0-301F-11D3-BF4B-00C04F79EFBC}") = "GDPanelFramework.Core", "GDPanelFramework.Core\GDPanelFramework.Core.csproj", "{5893B9B7-6611-470A-88F8-2BA51AD7C2B7}"
EndProject
Project("{FAE04EC0-301F-11D3-BF4B-00C04F79EFBC}") = "GDPanelFramework.Test", "GDPanelFramework.Test\GDPanelFramework.Test.csproj", "{744D030B-898B-4F04-8F3E-6053743061CA}"
EndProject
Global
	GlobalSection(SolutionConfigurationPlatforms) = preSolution
		Debug|Any CPU = Debug|Any CPU
		Release|Any CPU = Release|Any CPU
	EndGlobalSection
	GlobalSection(ProjectConfigurationPlatforms) = postSolution
		{5893B9B7-6611-470A-88F8-2BA51AD7C2B7}.Debug|Any CPU.ActiveCfg = Debug|Any CPU
		{5893B9B7-6611-470A-88F8-2BA51AD7C2B7}.Debug|Any CPU.Build.0 = Debug|Any CPU
		{5893B9B7-6611-470A-88F8-2BA51AD7C2B7}.Release|Any CPU.ActiveCfg = Release|Any CPU
		{5893B9B7-6611-470A-88F8-2BA51AD7C2B7}.Release|Any CPU.Build.0 = Release|Any CPU
		{744D030B-898B-4F04-8F3E-6053743061CA}.Debug|Any CPU.ActiveCfg = Debug|Any CPU
		{744D030B-898B-4F04-8F3E-6053743061CA}.Debug|Any CPU.Build.0 = Debug|Any CPU
		{744D030B-898B-4F04-8F3E-6053743061CA}.Release|Any CPU.ActiveCfg = Release|Any CPU
		{744D030B-898B-4F04-8F3E-6053743061CA}.Release|Any CPU.Build.0 = Release|Any CPU
	EndGlobalSection
EndGlobal
