Microsoft Visual Studio Solution File, Format Version 12.00
# Visual Studio 2012
Project("{FAE04EC0-301F-11D3-BF4B-00C04F79EFBC}") = "GDPanelFramework.Tests", "GDPanelFramework.Tests.csproj", "{99A490D3-D91A-4FDA-A3AB-E47EE52F3BAB}"
EndProject
Project("{FAE04EC0-301F-11D3-BF4B-00C04F79EFBC}") = "GDPanelFramework", "..\GDPanelFramework\GDPanelFramework.csproj", "{069D1616-5C88-4820-9A0E-8D677C12EDC7}"
EndProject
Global
	GlobalSection(SolutionConfigurationPlatforms) = preSolution
	Debug|Any CPU = Debug|Any CPU
	ExportDebug|Any CPU = ExportDebug|Any CPU
	ExportRelease|Any CPU = ExportRelease|Any CPU
	EndGlobalSection
	GlobalSection(ProjectConfigurationPlatforms) = postSolution
		{99A490D3-D91A-4FDA-A3AB-E47EE52F3BAB}.Debug|Any CPU.ActiveCfg = Debug|Any CPU
		{99A490D3-D91A-4FDA-A3AB-E47EE52F3BAB}.Debug|Any CPU.Build.0 = Debug|Any CPU
		{99A490D3-D91A-4FDA-A3AB-E47EE52F3BAB}.ExportDebug|Any CPU.ActiveCfg = ExportDebug|Any CPU
		{99A490D3-D91A-4FDA-A3AB-E47EE52F3BAB}.ExportDebug|Any CPU.Build.0 = ExportDebug|Any CPU
		{99A490D3-D91A-4FDA-A3AB-E47EE52F3BAB}.ExportRelease|Any CPU.ActiveCfg = ExportRelease|Any CPU
		{99A490D3-D91A-4FDA-A3AB-E47EE52F3BAB}.ExportRelease|Any CPU.Build.0 = ExportRelease|Any CPU
		{069D1616-5C88-4820-9A0E-8D677C12EDC7}.Debug|Any CPU.ActiveCfg = Debug|Any CPU
		{069D1616-5C88-4820-9A0E-8D677C12EDC7}.Debug|Any CPU.Build.0 = Debug|Any CPU
		{069D1616-5C88-4820-9A0E-8D677C12EDC7}.ExportDebug|Any CPU.ActiveCfg = Debug|Any CPU
		{069D1616-5C88-4820-9A0E-8D677C12EDC7}.ExportDebug|Any CPU.Build.0 = Debug|Any CPU
		{069D1616-5C88-4820-9A0E-8D677C12EDC7}.ExportRelease|Any CPU.ActiveCfg = Debug|Any CPU
		{069D1616-5C88-4820-9A0E-8D677C12EDC7}.ExportRelease|Any CPU.Build.0 = Debug|Any CPU
	EndGlobalSection
EndGlobal
